// !$*UTF8*$!
{
	archiveVersion = 1;
	classes = {
	};
	objectVersion = 56;
	objects = {

/* Begin PBXBuildFile section */
		151ED1EE2DD3727800CA3FD8 /* SignUpProtocol.swift in Sources */ = {isa = PBXBuildFile; fileRef = 151ED1ED2DD3727800CA3FD8 /* SignUpProtocol.swift */; };
		151ED1F12DD3754600CA3FD8 /* SignUpViewController.swift in Sources */ = {isa = PBXBuildFile; fileRef = 151ED1EF2DD3754600CA3FD8 /* SignUpViewController.swift */; };
		151ED1F22DD3754600CA3FD8 /* SignUpViewController.xib in Resources */ = {isa = PBXBuildFile; fileRef = 151ED1F02DD3754600CA3FD8 /* SignUpViewController.xib */; };
		151ED1F42DD3759500CA3FD8 /* SignUpInteractor.swift in Sources */ = {isa = PBXBuildFile; fileRef = 151ED1F32DD3759500CA3FD8 /* SignUpInteractor.swift */; };
		151ED1F62DD375EA00CA3FD8 /* SignUpRouter.swift in Sources */ = {isa = PBXBuildFile; fileRef = 151ED1F52DD375EA00CA3FD8 /* SignUpRouter.swift */; };
		151ED1F82DD3761F00CA3FD8 /* SignUpPresenter.swift in Sources */ = {isa = PBXBuildFile; fileRef = 151ED1F72DD3761F00CA3FD8 /* SignUpPresenter.swift */; };
		151ED1FC2DD3788300CA3FD8 /* MainButton.swift in Sources */ = {isa = PBXBuildFile; fileRef = 151ED1FB2DD3788300CA3FD8 /* MainButton.swift */; };
		152329A92DD8B05B00F67B08 /* PhotoProfileView.swift in Sources */ = {isa = PBXBuildFile; fileRef = 152329A82DD8B05B00F67B08 /* PhotoProfileView.swift */; };
		152329AB2DD8B06D00F67B08 /* PhotoProfileView.xib in Resources */ = {isa = PBXBuildFile; fileRef = 152329AA2DD8B06D00F67B08 /* PhotoProfileView.xib */; };
		154EB1332CA81FBD00078ED4 /* SignInViewController.swift in Sources */ = {isa = PBXBuildFile; fileRef = 154EB1312CA81FBD00078ED4 /* SignInViewController.swift */; };
		154EB1342CA81FBD00078ED4 /* SignInViewController.xib in Resources */ = {isa = PBXBuildFile; fileRef = 154EB1322CA81FBD00078ED4 /* SignInViewController.xib */; };
		154EB1362CA8200300078ED4 /* SignInProtocol.swift in Sources */ = {isa = PBXBuildFile; fileRef = 154EB1352CA8200300078ED4 /* SignInProtocol.swift */; };
		154EB1382CA821A400078ED4 /* SignInInteractor.swift in Sources */ = {isa = PBXBuildFile; fileRef = 154EB1372CA821A400078ED4 /* SignInInteractor.swift */; };
		154EB13A2CA821F200078ED4 /* SignInPresenter.swift in Sources */ = {isa = PBXBuildFile; fileRef = 154EB1392CA821F200078ED4 /* SignInPresenter.swift */; };
		154EB13C2CA8225300078ED4 /* SignInRouter.swift in Sources */ = {isa = PBXBuildFile; fileRef = 154EB13B2CA8225300078ED4 /* SignInRouter.swift */; };
		154EB13F2CA837B300078ED4 /* HeaderView.swift in Sources */ = {isa = PBXBuildFile; fileRef = 154EB13E2CA837B300078ED4 /* HeaderView.swift */; };
		154EB1442CA8382F00078ED4 /* HeaderView.xib in Resources */ = {isa = PBXBuildFile; fileRef = 154EB1432CA8382F00078ED4 /* HeaderView.xib */; };
		154EB1462CA839FC00078ED4 /* Poppins-Light.ttf in Resources */ = {isa = PBXBuildFile; fileRef = 154EB1452CA839FC00078ED4 /* Poppins-Light.ttf */; };
		154EB1482CA84F2900078ED4 /* UIView+Extension.swift in Sources */ = {isa = PBXBuildFile; fileRef = 154EB1472CA84F2900078ED4 /* UIView+Extension.swift */; };
		154EB14B2CA8541C00078ED4 /* BaseViewController.swift in Sources */ = {isa = PBXBuildFile; fileRef = 154EB14A2CA8541C00078ED4 /* BaseViewController.swift */; };
		154EB14F2CA8704D00078ED4 /* InputTextField.swift in Sources */ = {isa = PBXBuildFile; fileRef = 154EB14E2CA8704D00078ED4 /* InputTextField.swift */; };
		154EB1512CA8705900078ED4 /* InputTextField.xib in Resources */ = {isa = PBXBuildFile; fileRef = 154EB1502CA8705900078ED4 /* InputTextField.xib */; };
		154EB1562CA8789600078ED4 /* ColorConstant.swift in Sources */ = {isa = PBXBuildFile; fileRef = 154EB1552CA8789600078ED4 /* ColorConstant.swift */; };
		154EB1582CA8792900078ED4 /* FontConstant.swift in Sources */ = {isa = PBXBuildFile; fileRef = 154EB1572CA8792900078ED4 /* FontConstant.swift */; };
		154EB15A2CA87C6400078ED4 /* PaddedTextField.swift in Sources */ = {isa = PBXBuildFile; fileRef = 154EB1592CA87C6400078ED4 /* PaddedTextField.swift */; };
		157D31F02C9554CA005BF7F8 /* AppDelegate.swift in Sources */ = {isa = PBXBuildFile; fileRef = 157D31EF2C9554CA005BF7F8 /* AppDelegate.swift */; };
		157D31F22C9554CA005BF7F8 /* SceneDelegate.swift in Sources */ = {isa = PBXBuildFile; fileRef = 157D31F12C9554CA005BF7F8 /* SceneDelegate.swift */; };
		157D31F92C9554CB005BF7F8 /* Assets.xcassets in Resources */ = {isa = PBXBuildFile; fileRef = 157D31F82C9554CB005BF7F8 /* Assets.xcassets */; };
		157D31FC2C9554CB005BF7F8 /* Base in Resources */ = {isa = PBXBuildFile; fileRef = 157D31FB2C9554CB005BF7F8 /* Base */; };
		1585D7EC2DD98EA5000ECF1A /* SignUpAddressViewController.xib in Resources */ = {isa = PBXBuildFile; fileRef = 1585D7EB2DD98EA5000ECF1A /* SignUpAddressViewController.xib */; };
		1585D7ED2DD98EA5000ECF1A /* SignUpAddressViewController.swift in Sources */ = {isa = PBXBuildFile; fileRef = 1585D7EA2DD98EA5000ECF1A /* SignUpAddressViewController.swift */; };
		1585D7EF2DD98EB6000ECF1A /* SignUpAddressInteractor.swift in Sources */ = {isa = PBXBuildFile; fileRef = 1585D7EE2DD98EB6000ECF1A /* SignUpAddressInteractor.swift */; };
		1585D7F12DD98ECB000ECF1A /* SignUpAddressRouter.swift in Sources */ = {isa = PBXBuildFile; fileRef = 1585D7F02DD98ECB000ECF1A /* SignUpAddressRouter.swift */; };
		1585D7F32DD98EE3000ECF1A /* SignUpAddressPresenter.swift in Sources */ = {isa = PBXBuildFile; fileRef = 1585D7F22DD98EE3000ECF1A /* SignUpAddressPresenter.swift */; };
		1585D7F52DD98EFB000ECF1A /* SignUpAddressProtocol.swift in Sources */ = {isa = PBXBuildFile; fileRef = 1585D7F42DD98EFB000ECF1A /* SignUpAddressProtocol.swift */; };
		1585D7F82DD9AC4D000ECF1A /* DropdownView.swift in Sources */ = {isa = PBXBuildFile; fileRef = 1585D7F72DD9AC4D000ECF1A /* DropdownView.swift */; };
		1585D7FA2DD9AC55000ECF1A /* DropdownView.xib in Resources */ = {isa = PBXBuildFile; fileRef = 1585D7F92DD9AC55000ECF1A /* DropdownView.xib */; };
		15F2950B2CA7ED9C00FA1A0E /* Poppins-Medium.ttf in Resources */ = {isa = PBXBuildFile; fileRef = 15F2950A2CA7ED9C00FA1A0E /* Poppins-Medium.ttf */; };
		86AF398B94F9CF94C33515F5 /* Pods_food_market_ios.framework in Frameworks */ = {isa = PBXBuildFile; fileRef = AC593491A0B3FCFFDEF9411C /* Pods_food_market_ios.framework */; };
/* End PBXBuildFile section */

/* Begin PBXFileReference section */
		151ED1ED2DD3727800CA3FD8 /* SignUpProtocol.swift */ = {isa = PBXFileReference; lastKnownFileType = sourcecode.swift; path = SignUpProtocol.swift; sourceTree = "<group>"; };
		151ED1EF2DD3754600CA3FD8 /* SignUpViewController.swift */ = {isa = PBXFileReference; lastKnownFileType = sourcecode.swift; path = SignUpViewController.swift; sourceTree = "<group>"; };
		151ED1F02DD3754600CA3FD8 /* SignUpViewController.xib */ = {isa = PBXFileReference; lastKnownFileType = file.xib; path = SignUpViewController.xib; sourceTree = "<group>"; };
		151ED1F32DD3759500CA3FD8 /* SignUpInteractor.swift */ = {isa = PBXFileReference; lastKnownFileType = sourcecode.swift; path = SignUpInteractor.swift; sourceTree = "<group>"; };
		151ED1F52DD375EA00CA3FD8 /* SignUpRouter.swift */ = {isa = PBXFileReference; lastKnownFileType = sourcecode.swift; path = SignUpRouter.swift; sourceTree = "<group>"; };
		151ED1F72DD3761F00CA3FD8 /* SignUpPresenter.swift */ = {isa = PBXFileReference; lastKnownFileType = sourcecode.swift; path = SignUpPresenter.swift; sourceTree = "<group>"; };
		151ED1FB2DD3788300CA3FD8 /* MainButton.swift */ = {isa = PBXFileReference; lastKnownFileType = sourcecode.swift; path = MainButton.swift; sourceTree = "<group>"; };
		152329A82DD8B05B00F67B08 /* PhotoProfileView.swift */ = {isa = PBXFileReference; lastKnownFileType = sourcecode.swift; path = PhotoProfileView.swift; sourceTree = "<group>"; };
		152329AA2DD8B06D00F67B08 /* PhotoProfileView.xib */ = {isa = PBXFileReference; lastKnownFileType = file.xib; path = PhotoProfileView.xib; sourceTree = "<group>"; };
		154EB1312CA81FBD00078ED4 /* SignInViewController.swift */ = {isa = PBXFileReference; lastKnownFileType = sourcecode.swift; path = SignInViewController.swift; sourceTree = "<group>"; };
		154EB1322CA81FBD00078ED4 /* SignInViewController.xib */ = {isa = PBXFileReference; lastKnownFileType = file.xib; path = SignInViewController.xib; sourceTree = "<group>"; };
		154EB1352CA8200300078ED4 /* SignInProtocol.swift */ = {isa = PBXFileReference; lastKnownFileType = sourcecode.swift; path = SignInProtocol.swift; sourceTree = "<group>"; };
		154EB1372CA821A400078ED4 /* SignInInteractor.swift */ = {isa = PBXFileReference; lastKnownFileType = sourcecode.swift; path = SignInInteractor.swift; sourceTree = "<group>"; };
		154EB1392CA821F200078ED4 /* SignInPresenter.swift */ = {isa = PBXFileReference; lastKnownFileType = sourcecode.swift; path = SignInPresenter.swift; sourceTree = "<group>"; };
		154EB13B2CA8225300078ED4 /* SignInRouter.swift */ = {isa = PBXFileReference; lastKnownFileType = sourcecode.swift; path = SignInRouter.swift; sourceTree = "<group>"; };
		154EB13E2CA837B300078ED4 /* HeaderView.swift */ = {isa = PBXFileReference; lastKnownFileType = sourcecode.swift; path = HeaderView.swift; sourceTree = "<group>"; };
		154EB1432CA8382F00078ED4 /* HeaderView.xib */ = {isa = PBXFileReference; lastKnownFileType = file.xib; path = HeaderView.xib; sourceTree = "<group>"; };
		154EB1452CA839FC00078ED4 /* Poppins-Light.ttf */ = {isa = PBXFileReference; lastKnownFileType = file; path = "Poppins-Light.ttf"; sourceTree = "<group>"; };
		154EB1472CA84F2900078ED4 /* UIView+Extension.swift */ = {isa = PBXFileReference; lastKnownFileType = sourcecode.swift; path = "UIView+Extension.swift"; sourceTree = "<group>"; };
		154EB14A2CA8541C00078ED4 /* BaseViewController.swift */ = {isa = PBXFileReference; lastKnownFileType = sourcecode.swift; path = BaseViewController.swift; sourceTree = "<group>"; };
		154EB14E2CA8704D00078ED4 /* InputTextField.swift */ = {isa = PBXFileReference; lastKnownFileType = sourcecode.swift; path = InputTextField.swift; sourceTree = "<group>"; };
		154EB1502CA8705900078ED4 /* InputTextField.xib */ = {isa = PBXFileReference; lastKnownFileType = file.xib; path = InputTextField.xib; sourceTree = "<group>"; };
		154EB1522CA8711B00078ED4 /* Poppins-Regular.ttf */ = {isa = PBXFileReference; lastKnownFileType = file; path = "Poppins-Regular.ttf"; sourceTree = "<group>"; };
		154EB1552CA8789600078ED4 /* ColorConstant.swift */ = {isa = PBXFileReference; lastKnownFileType = sourcecode.swift; path = ColorConstant.swift; sourceTree = "<group>"; };
		154EB1572CA8792900078ED4 /* FontConstant.swift */ = {isa = PBXFileReference; lastKnownFileType = sourcecode.swift; path = FontConstant.swift; sourceTree = "<group>"; };
		154EB1592CA87C6400078ED4 /* PaddedTextField.swift */ = {isa = PBXFileReference; lastKnownFileType = sourcecode.swift; path = PaddedTextField.swift; sourceTree = "<group>"; };
		157D31EC2C9554CA005BF7F8 /* food-market-ios.app */ = {isa = PBXFileReference; explicitFileType = wrapper.application; includeInIndex = 0; path = "food-market-ios.app"; sourceTree = BUILT_PRODUCTS_DIR; };
		157D31EF2C9554CA005BF7F8 /* AppDelegate.swift */ = {isa = PBXFileReference; lastKnownFileType = sourcecode.swift; path = AppDelegate.swift; sourceTree = "<group>"; };
		157D31F12C9554CA005BF7F8 /* SceneDelegate.swift */ = {isa = PBXFileReference; lastKnownFileType = sourcecode.swift; path = SceneDelegate.swift; sourceTree = "<group>"; };
		157D31F82C9554CB005BF7F8 /* Assets.xcassets */ = {isa = PBXFileReference; lastKnownFileType = folder.assetcatalog; path = Assets.xcassets; sourceTree = "<group>"; };
		157D31FB2C9554CB005BF7F8 /* Base */ = {isa = PBXFileReference; lastKnownFileType = file.storyboard; name = Base; path = Base.lproj/LaunchScreen.storyboard; sourceTree = "<group>"; };
		157D31FD2C9554CB005BF7F8 /* Info.plist */ = {isa = PBXFileReference; lastKnownFileType = text.plist.xml; path = Info.plist; sourceTree = "<group>"; };
		1585D7EA2DD98EA5000ECF1A /* SignUpAddressViewController.swift */ = {isa = PBXFileReference; lastKnownFileType = sourcecode.swift; path = SignUpAddressViewController.swift; sourceTree = "<group>"; };
		1585D7EB2DD98EA5000ECF1A /* SignUpAddressViewController.xib */ = {isa = PBXFileReference; lastKnownFileType = file.xib; path = SignUpAddressViewController.xib; sourceTree = "<group>"; };
		1585D7EE2DD98EB6000ECF1A /* SignUpAddressInteractor.swift */ = {isa = PBXFileReference; lastKnownFileType = sourcecode.swift; path = SignUpAddressInteractor.swift; sourceTree = "<group>"; };
		1585D7F02DD98ECB000ECF1A /* SignUpAddressRouter.swift */ = {isa = PBXFileReference; lastKnownFileType = sourcecode.swift; path = SignUpAddressRouter.swift; sourceTree = "<group>"; };
		1585D7F22DD98EE3000ECF1A /* SignUpAddressPresenter.swift */ = {isa = PBXFileReference; lastKnownFileType = sourcecode.swift; path = SignUpAddressPresenter.swift; sourceTree = "<group>"; };
		1585D7F42DD98EFB000ECF1A /* SignUpAddressProtocol.swift */ = {isa = PBXFileReference; lastKnownFileType = sourcecode.swift; path = SignUpAddressProtocol.swift; sourceTree = "<group>"; };
		1585D7F72DD9AC4D000ECF1A /* DropdownView.swift */ = {isa = PBXFileReference; lastKnownFileType = sourcecode.swift; path = DropdownView.swift; sourceTree = "<group>"; };
		1585D7F92DD9AC55000ECF1A /* DropdownView.xib */ = {isa = PBXFileReference; lastKnownFileType = file.xib; path = DropdownView.xib; sourceTree = "<group>"; };
		15F2950A2CA7ED9C00FA1A0E /* Poppins-Medium.ttf */ = {isa = PBXFileReference; lastKnownFileType = file; path = "Poppins-Medium.ttf"; sourceTree = "<group>"; };
		45444429DCACCA3020BF8957 /* Pods-food-market-ios.debug.xcconfig */ = {isa = PBXFileReference; includeInIndex = 1; lastKnownFileType = text.xcconfig; name = "Pods-food-market-ios.debug.xcconfig"; path = "Target Support Files/Pods-food-market-ios/Pods-food-market-ios.debug.xcconfig"; sourceTree = "<group>"; };
		65C0F0BD7B907CAEB941AA85 /* Pods-food-market-ios.release.xcconfig */ = {isa = PBXFileReference; includeInIndex = 1; lastKnownFileType = text.xcconfig; name = "Pods-food-market-ios.release.xcconfig"; path = "Target Support Files/Pods-food-market-ios/Pods-food-market-ios.release.xcconfig"; sourceTree = "<group>"; };
		AC593491A0B3FCFFDEF9411C /* Pods_food_market_ios.framework */ = {isa = PBXFileReference; explicitFileType = wrapper.framework; includeInIndex = 0; path = Pods_food_market_ios.framework; sourceTree = BUILT_PRODUCTS_DIR; };
/* End PBXFileReference section */

/* Begin PBXFrameworksBuildPhase section */
		157D31E92C9554CA005BF7F8 /* Frameworks */ = {
			isa = PBXFrameworksBuildPhase;
			buildActionMask = 2147483647;
			files = (
				86AF398B94F9CF94C33515F5 /* Pods_food_market_ios.framework in Frameworks */,
			);
			runOnlyForDeploymentPostprocessing = 0;
		};
/* End PBXFrameworksBuildPhase section */

/* Begin PBXGroup section */
		151ED1E72DD371E800CA3FD8 /* SignUp */ = {
			isa = PBXGroup;
			children = (
				151ED1EC2DD3722700CA3FD8 /* Presenter */,
				151ED1EB2DD3722100CA3FD8 /* Protocol */,
				151ED1EA2DD3721D00CA3FD8 /* Router */,
				151ED1E92DD3720F00CA3FD8 /* Interactor */,
				151ED1E82DD3720900CA3FD8 /* View */,
			);
			path = SignUp;
			sourceTree = "<group>";
		};
		151ED1E82DD3720900CA3FD8 /* View */ = {
			isa = PBXGroup;
			children = (
				151ED1EF2DD3754600CA3FD8 /* SignUpViewController.swift */,
				151ED1F02DD3754600CA3FD8 /* SignUpViewController.xib */,
			);
			path = View;
			sourceTree = "<group>";
		};
		151ED1E92DD3720F00CA3FD8 /* Interactor */ = {
			isa = PBXGroup;
			children = (
				151ED1F32DD3759500CA3FD8 /* SignUpInteractor.swift */,
			);
			path = Interactor;
			sourceTree = "<group>";
		};
		151ED1EA2DD3721D00CA3FD8 /* Router */ = {
			isa = PBXGroup;
			children = (
				151ED1F52DD375EA00CA3FD8 /* SignUpRouter.swift */,
			);
			path = Router;
			sourceTree = "<group>";
		};
		151ED1EB2DD3722100CA3FD8 /* Protocol */ = {
			isa = PBXGroup;
			children = (
				151ED1ED2DD3727800CA3FD8 /* SignUpProtocol.swift */,
			);
			path = Protocol;
			sourceTree = "<group>";
		};
		151ED1EC2DD3722700CA3FD8 /* Presenter */ = {
			isa = PBXGroup;
			children = (
				151ED1F72DD3761F00CA3FD8 /* SignUpPresenter.swift */,
			);
			path = Presenter;
			sourceTree = "<group>";
		};
		151ED1F92DD3785600CA3FD8 /* Buttons */ = {
			isa = PBXGroup;
			children = (
				151ED1FA2DD3785E00CA3FD8 /* MainButton */,
			);
			path = Buttons;
			sourceTree = "<group>";
		};
		151ED1FA2DD3785E00CA3FD8 /* MainButton */ = {
			isa = PBXGroup;
			children = (
				151ED1FB2DD3788300CA3FD8 /* MainButton.swift */,
			);
			path = MainButton;
			sourceTree = "<group>";
		};
		152329A72DD8B04300F67B08 /* PhotoProfileView */ = {
			isa = PBXGroup;
			children = (
				152329A82DD8B05B00F67B08 /* PhotoProfileView.swift */,
				152329AA2DD8B06D00F67B08 /* PhotoProfileView.xib */,
			);
			path = PhotoProfileView;
			sourceTree = "<group>";
		};
		154EB12C2CA81E0B00078ED4 /* View */ = {
			isa = PBXGroup;
			children = (
				154EB1312CA81FBD00078ED4 /* SignInViewController.swift */,
				154EB1322CA81FBD00078ED4 /* SignInViewController.xib */,
			);
			path = View;
			sourceTree = "<group>";
		};
		154EB12D2CA81E1200078ED4 /* Interactor */ = {
			isa = PBXGroup;
			children = (
				154EB1372CA821A400078ED4 /* SignInInteractor.swift */,
			);
			path = Interactor;
			sourceTree = "<group>";
		};
		154EB12E2CA81E1F00078ED4 /* Router */ = {
			isa = PBXGroup;
			children = (
				154EB13B2CA8225300078ED4 /* SignInRouter.swift */,
			);
			path = Router;
			sourceTree = "<group>";
		};
		154EB12F2CA81E2600078ED4 /* Protocol */ = {
			isa = PBXGroup;
			children = (
				154EB1352CA8200300078ED4 /* SignInProtocol.swift */,
			);
			path = Protocol;
			sourceTree = "<group>";
		};
		154EB1302CA81E2C00078ED4 /* Presenter */ = {
			isa = PBXGroup;
			children = (
				154EB1392CA821F200078ED4 /* SignInPresenter.swift */,
			);
			path = Presenter;
			sourceTree = "<group>";
		};
		154EB13D2CA8379100078ED4 /* Views */ = {
			isa = PBXGroup;
			children = (
				1585D7F62DD9AC35000ECF1A /* DropdownView */,
				154EB1422CA8381E00078ED4 /* HeaderView */,
				152329A72DD8B04300F67B08 /* PhotoProfileView */,
			);
			path = Views;
			sourceTree = "<group>";
		};
		154EB1422CA8381E00078ED4 /* HeaderView */ = {
			isa = PBXGroup;
			children = (
				154EB13E2CA837B300078ED4 /* HeaderView.swift */,
				154EB1432CA8382F00078ED4 /* HeaderView.xib */,
			);
			path = HeaderView;
			sourceTree = "<group>";
		};
		154EB1492CA8540A00078ED4 /* ViewControllers */ = {
			isa = PBXGroup;
			children = (
				154EB14A2CA8541C00078ED4 /* BaseViewController.swift */,
			);
			path = ViewControllers;
			sourceTree = "<group>";
		};
		154EB14C2CA8701A00078ED4 /* TextFields */ = {
			isa = PBXGroup;
			children = (
				154EB14D2CA8704000078ED4 /* InputTextField */,
				154EB1592CA87C6400078ED4 /* PaddedTextField.swift */,
			);
			path = TextFields;
			sourceTree = "<group>";
		};
		154EB14D2CA8704000078ED4 /* InputTextField */ = {
			isa = PBXGroup;
			children = (
				154EB14E2CA8704D00078ED4 /* InputTextField.swift */,
				154EB1502CA8705900078ED4 /* InputTextField.xib */,
			);
			path = InputTextField;
			sourceTree = "<group>";
		};
		154EB1532CA8784300078ED4 /* Base */ = {
			isa = PBXGroup;
			children = (
				154EB1542CA8787800078ED4 /* Constants */,
			);
			path = Base;
			sourceTree = "<group>";
		};
		154EB1542CA8787800078ED4 /* Constants */ = {
			isa = PBXGroup;
			children = (
				154EB1552CA8789600078ED4 /* ColorConstant.swift */,
				154EB1572CA8792900078ED4 /* FontConstant.swift */,
			);
			path = Constants;
			sourceTree = "<group>";
		};
		157D31E32C9554CA005BF7F8 = {
			isa = PBXGroup;
			children = (
				157D31EE2C9554CA005BF7F8 /* food-market-ios */,
				157D31ED2C9554CA005BF7F8 /* Products */,
				D0698DAAF1B05B28170A07F8 /* Pods */,
				75C287D99CB0D05EC30481AB /* Frameworks */,
			);
			sourceTree = "<group>";
		};
		157D31ED2C9554CA005BF7F8 /* Products */ = {
			isa = PBXGroup;
			children = (
				157D31EC2C9554CA005BF7F8 /* food-market-ios.app */,
			);
			name = Products;
			sourceTree = "<group>";
		};
		157D31EE2C9554CA005BF7F8 /* food-market-ios */ = {
			isa = PBXGroup;
			children = (
				15F294E02CA7D3F700FA1A0E /* Application */,
				154EB1532CA8784300078ED4 /* Base */,
				15F294E12CA7D40500FA1A0E /* Components */,
				15F294E42CA7D41C00FA1A0E /* Helpers */,
				15F294E32CA7D41400FA1A0E /* Modules */,
				15F294E52CA7D42300FA1A0E /* Resources */,
				157D31FD2C9554CB005BF7F8 /* Info.plist */,
			);
			path = "food-market-ios";
			sourceTree = "<group>";
		};
		1585D7E42DD98E42000ECF1A /* SignUpAddress */ = {
			isa = PBXGroup;
			children = (
				1585D7E92DD98E7B000ECF1A /* Presenter */,
				1585D7E82DD98E75000ECF1A /* Protocol */,
				1585D7E72DD98E70000ECF1A /* Router */,
				1585D7E62DD98E6B000ECF1A /* Interactor */,
				1585D7E52DD98E66000ECF1A /* View */,
			);
			path = SignUpAddress;
			sourceTree = "<group>";
		};
		1585D7E52DD98E66000ECF1A /* View */ = {
			isa = PBXGroup;
			children = (
				1585D7EA2DD98EA5000ECF1A /* SignUpAddressViewController.swift */,
				1585D7EB2DD98EA5000ECF1A /* SignUpAddressViewController.xib */,
			);
			path = View;
			sourceTree = "<group>";
		};
		1585D7E62DD98E6B000ECF1A /* Interactor */ = {
			isa = PBXGroup;
			children = (
				1585D7EE2DD98EB6000ECF1A /* SignUpAddressInteractor.swift */,
			);
			path = Interactor;
			sourceTree = "<group>";
		};
		1585D7E72DD98E70000ECF1A /* Router */ = {
			isa = PBXGroup;
			children = (
				1585D7F02DD98ECB000ECF1A /* SignUpAddressRouter.swift */,
			);
			path = Router;
			sourceTree = "<group>";
		};
		1585D7E82DD98E75000ECF1A /* Protocol */ = {
			isa = PBXGroup;
			children = (
				1585D7F42DD98EFB000ECF1A /* SignUpAddressProtocol.swift */,
			);
			path = Protocol;
			sourceTree = "<group>";
		};
		1585D7E92DD98E7B000ECF1A /* Presenter */ = {
			isa = PBXGroup;
			children = (
				1585D7F22DD98EE3000ECF1A /* SignUpAddressPresenter.swift */,
			);
			path = Presenter;
			sourceTree = "<group>";
		};
		1585D7F62DD9AC35000ECF1A /* DropdownView */ = {
			isa = PBXGroup;
			children = (
				1585D7F72DD9AC4D000ECF1A /* DropdownView.swift */,
				1585D7F92DD9AC55000ECF1A /* DropdownView.xib */,
			);
			path = DropdownView;
			sourceTree = "<group>";
		};
		15F294E02CA7D3F700FA1A0E /* Application */ = {
			isa = PBXGroup;
			children = (
				157D31EF2C9554CA005BF7F8 /* AppDelegate.swift */,
				157D31F12C9554CA005BF7F8 /* SceneDelegate.swift */,
				157D31FA2C9554CB005BF7F8 /* LaunchScreen.storyboard */,
			);
			path = Application;
			sourceTree = "<group>";
		};
		15F294E12CA7D40500FA1A0E /* Components */ = {
			isa = PBXGroup;
			children = (
				151ED1F92DD3785600CA3FD8 /* Buttons */,
				154EB14C2CA8701A00078ED4 /* TextFields */,
				154EB1492CA8540A00078ED4 /* ViewControllers */,
				154EB13D2CA8379100078ED4 /* Views */,
			);
			path = Components;
			sourceTree = "<group>";
		};
		15F294E32CA7D41400FA1A0E /* Modules */ = {
			isa = PBXGroup;
			children = (
				15F294FF2CA7E22B00FA1A0E /* Authentication */,
			);
			path = Modules;
			sourceTree = "<group>";
		};
		15F294E42CA7D41C00FA1A0E /* Helpers */ = {
			isa = PBXGroup;
			children = (
				15F294EB2CA7D55B00FA1A0E /* Extensions */,
			);
			path = Helpers;
			sourceTree = "<group>";
		};
		15F294E52CA7D42300FA1A0E /* Resources */ = {
			isa = PBXGroup;
			children = (
				15F294E62CA7D4A400FA1A0E /* Assets */,
				15F295092CA7ED7E00FA1A0E /* Fonts */,
			);
			path = Resources;
			sourceTree = "<group>";
		};
		15F294E62CA7D4A400FA1A0E /* Assets */ = {
			isa = PBXGroup;
			children = (
				157D31F82C9554CB005BF7F8 /* Assets.xcassets */,
			);
			path = Assets;
			sourceTree = "<group>";
		};
		15F294EB2CA7D55B00FA1A0E /* Extensions */ = {
			isa = PBXGroup;
			children = (
				154EB1472CA84F2900078ED4 /* UIView+Extension.swift */,
			);
			path = Extensions;
			sourceTree = "<group>";
		};
		15F294FF2CA7E22B00FA1A0E /* Authentication */ = {
			isa = PBXGroup;
			children = (
				15F295012CA7E24000FA1A0E /* Presentation */,
			);
			path = Authentication;
			sourceTree = "<group>";
		};
		15F295012CA7E24000FA1A0E /* Presentation */ = {
			isa = PBXGroup;
			children = (
				15F295022CA7E26A00FA1A0E /* SignIn */,
				151ED1E72DD371E800CA3FD8 /* SignUp */,
				1585D7E42DD98E42000ECF1A /* SignUpAddress */,
			);
			path = Presentation;
			sourceTree = "<group>";
		};
		15F295022CA7E26A00FA1A0E /* SignIn */ = {
			isa = PBXGroup;
			children = (
				154EB1302CA81E2C00078ED4 /* Presenter */,
				154EB12F2CA81E2600078ED4 /* Protocol */,
				154EB12E2CA81E1F00078ED4 /* Router */,
				154EB12D2CA81E1200078ED4 /* Interactor */,
				154EB12C2CA81E0B00078ED4 /* View */,
			);
			path = SignIn;
			sourceTree = "<group>";
		};
		15F295092CA7ED7E00FA1A0E /* Fonts */ = {
			isa = PBXGroup;
			children = (
				154EB1452CA839FC00078ED4 /* Poppins-Light.ttf */,
				15F2950A2CA7ED9C00FA1A0E /* Poppins-Medium.ttf */,
				154EB1522CA8711B00078ED4 /* Poppins-Regular.ttf */,
			);
			path = Fonts;
			sourceTree = "<group>";
		};
		75C287D99CB0D05EC30481AB /* Frameworks */ = {
			isa = PBXGroup;
			children = (
				AC593491A0B3FCFFDEF9411C /* Pods_food_market_ios.framework */,
			);
			name = Frameworks;
			sourceTree = "<group>";
		};
		D0698DAAF1B05B28170A07F8 /* Pods */ = {
			isa = PBXGroup;
			children = (
				45444429DCACCA3020BF8957 /* Pods-food-market-ios.debug.xcconfig */,
				65C0F0BD7B907CAEB941AA85 /* Pods-food-market-ios.release.xcconfig */,
			);
			path = Pods;
			sourceTree = "<group>";
		};
/* End PBXGroup section */

/* Begin PBXNativeTarget section */
		157D31EB2C9554CA005BF7F8 /* food-market-ios */ = {
			isa = PBXNativeTarget;
			buildConfigurationList = 157D32002C9554CB005BF7F8 /* Build configuration list for PBXNativeTarget "food-market-ios" */;
			buildPhases = (
				8F9C743F8A4E1DF7308670A1 /* [CP] Check Pods Manifest.lock */,
				157D31E82C9554CA005BF7F8 /* Sources */,
				157D31E92C9554CA005BF7F8 /* Frameworks */,
				157D31EA2C9554CA005BF7F8 /* Resources */,
				5BD0B6B660FE9812CE326B12 /* [CP] Embed Pods Frameworks */,
			);
			buildRules = (
			);
			dependencies = (
			);
			name = "food-market-ios";
			productName = "food-market-ios";
			productReference = 157D31EC2C9554CA005BF7F8 /* food-market-ios.app */;
			productType = "com.apple.product-type.application";
		};
/* End PBXNativeTarget section */

/* Begin PBXProject section */
		157D31E42C9554CA005BF7F8 /* Project object */ = {
			isa = PBXProject;
			attributes = {
				BuildIndependentTargetsInParallel = 1;
				LastSwiftUpdateCheck = 1540;
				LastUpgradeCheck = 1540;
				TargetAttributes = {
					157D31EB2C9554CA005BF7F8 = {
						CreatedOnToolsVersion = 15.4;
					};
				};
			};
			buildConfigurationList = 157D31E72C9554CA005BF7F8 /* Build configuration list for PBXProject "food-market-ios" */;
			compatibilityVersion = "Xcode 14.0";
			developmentRegion = en;
			hasScannedForEncodings = 0;
			knownRegions = (
				en,
				Base,
			);
			mainGroup = 157D31E32C9554CA005BF7F8;
			productRefGroup = 157D31ED2C9554CA005BF7F8 /* Products */;
			projectDirPath = "";
			projectRoot = "";
			targets = (
				157D31EB2C9554CA005BF7F8 /* food-market-ios */,
			);
		};
/* End PBXProject section */

/* Begin PBXResourcesBuildPhase section */
		157D31EA2C9554CA005BF7F8 /* Resources */ = {
			isa = PBXResourcesBuildPhase;
			buildActionMask = 2147483647;
			files = (
				154EB1342CA81FBD00078ED4 /* SignInViewController.xib in Resources */,
				154EB1462CA839FC00078ED4 /* Poppins-Light.ttf in Resources */,
				154EB1512CA8705900078ED4 /* InputTextField.xib in Resources */,
				154EB1442CA8382F00078ED4 /* HeaderView.xib in Resources */,
				1585D7FA2DD9AC55000ECF1A /* DropdownView.xib in Resources */,
				15F2950B2CA7ED9C00FA1A0E /* Poppins-Medium.ttf in Resources */,
				1585D7EC2DD98EA5000ECF1A /* SignUpAddressViewController.xib in Resources */,
				157D31F92C9554CB005BF7F8 /* Assets.xcassets in Resources */,
				151ED1F22DD3754600CA3FD8 /* SignUpViewController.xib in Resources */,
				157D31FC2C9554CB005BF7F8 /* Base in Resources */,
				152329AB2DD8B06D00F67B08 /* PhotoProfileView.xib in Resources */,
			);
			runOnlyForDeploymentPostprocessing = 0;
		};
/* End PBXResourcesBuildPhase section */

/* Begin PBXShellScriptBuildPhase section */
		5BD0B6B660FE9812CE326B12 /* [CP] Embed Pods Frameworks */ = {
			isa = PBXShellScriptBuildPhase;
			buildActionMask = 2147483647;
			files = (
			);
			inputFileListPaths = (
				"${PODS_ROOT}/Target Support Files/Pods-food-market-ios/Pods-food-market-ios-frameworks-${CONFIGURATION}-input-files.xcfilelist",
			);
			name = "[CP] Embed Pods Frameworks";
			outputFileListPaths = (
				"${PODS_ROOT}/Target Support Files/Pods-food-market-ios/Pods-food-market-ios-frameworks-${CONFIGURATION}-output-files.xcfilelist",
			);
			runOnlyForDeploymentPostprocessing = 0;
			shellPath = /bin/sh;
			shellScript = "\"${PODS_ROOT}/Target Support Files/Pods-food-market-ios/Pods-food-market-ios-frameworks.sh\"\n";
			showEnvVarsInLog = 0;
		};
		8F9C743F8A4E1DF7308670A1 /* [CP] Check Pods Manifest.lock */ = {
			isa = PBXShellScriptBuildPhase;
			buildActionMask = 2147483647;
			files = (
			);
			inputFileListPaths = (
			);
			inputPaths = (
				"${PODS_PODFILE_DIR_PATH}/Podfile.lock",
				"${PODS_ROOT}/Manifest.lock",
			);
			name = "[CP] Check Pods Manifest.lock";
			outputFileListPaths = (
			);
			outputPaths = (
				"$(DERIVED_FILE_DIR)/Pods-food-market-ios-checkManifestLockResult.txt",
			);
			runOnlyForDeploymentPostprocessing = 0;
			shellPath = /bin/sh;
			shellScript = "diff \"${PODS_PODFILE_DIR_PATH}/Podfile.lock\" \"${PODS_ROOT}/Manifest.lock\" > /dev/null\nif [ $? != 0 ] ; then\n    # print error to STDERR\n    echo \"error: The sandbox is not in sync with the Podfile.lock. Run 'pod install' or update your CocoaPods installation.\" >&2\n    exit 1\nfi\n# This output is used by Xcode 'outputs' to avoid re-running this script phase.\necho \"SUCCESS\" > \"${SCRIPT_OUTPUT_FILE_0}\"\n";
			showEnvVarsInLog = 0;
		};
/* End PBXShellScriptBuildPhase section */

/* Begin PBXSourcesBuildPhase section */
		157D31E82C9554CA005BF7F8 /* Sources */ = {
			isa = PBXSourcesBuildPhase;
			buildActionMask = 2147483647;
			files = (
				151ED1F62DD375EA00CA3FD8 /* SignUpRouter.swift in Sources */,
				1585D7F12DD98ECB000ECF1A /* SignUpAddressRouter.swift in Sources */,
				154EB13A2CA821F200078ED4 /* SignInPresenter.swift in Sources */,
				157D31F02C9554CA005BF7F8 /* AppDelegate.swift in Sources */,
				154EB1382CA821A400078ED4 /* SignInInteractor.swift in Sources */,
				151ED1FC2DD3788300CA3FD8 /* MainButton.swift in Sources */,
				151ED1EE2DD3727800CA3FD8 /* SignUpProtocol.swift in Sources */,
				154EB14F2CA8704D00078ED4 /* InputTextField.swift in Sources */,
				151ED1F82DD3761F00CA3FD8 /* SignUpPresenter.swift in Sources */,
				154EB1482CA84F2900078ED4 /* UIView+Extension.swift in Sources */,
				154EB13C2CA8225300078ED4 /* SignInRouter.swift in Sources */,
				154EB1582CA8792900078ED4 /* FontConstant.swift in Sources */,
				1585D7F52DD98EFB000ECF1A /* SignUpAddressProtocol.swift in Sources */,
				1585D7EF2DD98EB6000ECF1A /* SignUpAddressInteractor.swift in Sources */,
				154EB14B2CA8541C00078ED4 /* BaseViewController.swift in Sources */,
				152329A92DD8B05B00F67B08 /* PhotoProfileView.swift in Sources */,
				154EB1362CA8200300078ED4 /* SignInProtocol.swift in Sources */,
				151ED1F12DD3754600CA3FD8 /* SignUpViewController.swift in Sources */,
				157D31F22C9554CA005BF7F8 /* SceneDelegate.swift in Sources */,
				154EB1332CA81FBD00078ED4 /* SignInViewController.swift in Sources */,
				154EB13F2CA837B300078ED4 /* HeaderView.swift in Sources */,
				154EB1562CA8789600078ED4 /* ColorConstant.swift in Sources */,
				1585D7F32DD98EE3000ECF1A /* SignUpAddressPresenter.swift in Sources */,
				1585D7F82DD9AC4D000ECF1A /* DropdownView.swift in Sources */,
				154EB15A2CA87C6400078ED4 /* PaddedTextField.swift in Sources */,
				151ED1F42DD3759500CA3FD8 /* SignUpInteractor.swift in Sources */,
				1585D7ED2DD98EA5000ECF1A /* SignUpAddressViewController.swift in Sources */,
			);
			runOnlyForDeploymentPostprocessing = 0;
		};
/* End PBXSourcesBuildPhase section */

/* Begin PBXVariantGroup section */
		157D31FA2C9554CB005BF7F8 /* LaunchScreen.storyboard */ = {
			isa = PBXVariantGroup;
			children = (
				157D31FB2C9554CB005BF7F8 /* Base */,
			);
			name = LaunchScreen.storyboard;
			sourceTree = "<group>";
		};
/* End PBXVariantGroup section */

/* Begin XCBuildConfiguration section */
		157D31FE2C9554CB005BF7F8 /* Debug */ = {
			isa = XCBuildConfiguration;
			buildSettings = {
				ALWAYS_SEARCH_USER_PATHS = NO;
				ASSETCATALOG_COMPILER_GENERATE_SWIFT_ASSET_SYMBOL_EXTENSIONS = YES;
				CLANG_ANALYZER_NONNULL = YES;
				CLANG_ANALYZER_NUMBER_OBJECT_CONVERSION = YES_AGGRESSIVE;
				CLANG_CXX_LANGUAGE_STANDARD = "gnu++20";
				CLANG_ENABLE_MODULES = YES;
				CLANG_ENABLE_OBJC_ARC = YES;
				CLANG_ENABLE_OBJC_WEAK = YES;
				CLANG_WARN_BLOCK_CAPTURE_AUTORELEASING = YES;
				CLANG_WARN_BOOL_CONVERSION = YES;
				CLANG_WARN_COMMA = YES;
				CLANG_WARN_CONSTANT_CONVERSION = YES;
				CLANG_WARN_DEPRECATED_OBJC_IMPLEMENTATIONS = YES;
				CLANG_WARN_DIRECT_OBJC_ISA_USAGE = YES_ERROR;
				CLANG_WARN_DOCUMENTATION_COMMENTS = YES;
				CLANG_WARN_EMPTY_BODY = YES;
				CLANG_WARN_ENUM_CONVERSION = YES;
				CLANG_WARN_INFINITE_RECURSION = YES;
				CLANG_WARN_INT_CONVERSION = YES;
				CLANG_WARN_NON_LITERAL_NULL_CONVERSION = YES;
				CLANG_WARN_OBJC_IMPLICIT_RETAIN_SELF = YES;
				CLANG_WARN_OBJC_LITERAL_CONVERSION = YES;
				CLANG_WARN_OBJC_ROOT_CLASS = YES_ERROR;
				CLANG_WARN_QUOTED_INCLUDE_IN_FRAMEWORK_HEADER = YES;
				CLANG_WARN_RANGE_LOOP_ANALYSIS = YES;
				CLANG_WARN_STRICT_PROTOTYPES = YES;
				CLANG_WARN_SUSPICIOUS_MOVE = YES;
				CLANG_WARN_UNGUARDED_AVAILABILITY = YES_AGGRESSIVE;
				CLANG_WARN_UNREACHABLE_CODE = YES;
				CLANG_WARN__DUPLICATE_METHOD_MATCH = YES;
				COPY_PHASE_STRIP = NO;
				DEBUG_INFORMATION_FORMAT = dwarf;
				ENABLE_STRICT_OBJC_MSGSEND = YES;
				ENABLE_TESTABILITY = YES;
				ENABLE_USER_SCRIPT_SANDBOXING = YES;
				GCC_C_LANGUAGE_STANDARD = gnu17;
				GCC_DYNAMIC_NO_PIC = NO;
				GCC_NO_COMMON_BLOCKS = YES;
				GCC_OPTIMIZATION_LEVEL = 0;
				GCC_PREPROCESSOR_DEFINITIONS = (
					"DEBUG=1",
					"$(inherited)",
				);
				GCC_WARN_64_TO_32_BIT_CONVERSION = YES;
				GCC_WARN_ABOUT_RETURN_TYPE = YES_ERROR;
				GCC_WARN_UNDECLARED_SELECTOR = YES;
				GCC_WARN_UNINITIALIZED_AUTOS = YES_AGGRESSIVE;
				GCC_WARN_UNUSED_FUNCTION = YES;
				GCC_WARN_UNUSED_VARIABLE = YES;
				IPHONEOS_DEPLOYMENT_TARGET = 17.5;
				LOCALIZATION_PREFERS_STRING_CATALOGS = YES;
				MTL_ENABLE_DEBUG_INFO = INCLUDE_SOURCE;
				MTL_FAST_MATH = YES;
				ONLY_ACTIVE_ARCH = YES;
				SDKROOT = iphoneos;
				SWIFT_ACTIVE_COMPILATION_CONDITIONS = "DEBUG $(inherited)";
				SWIFT_OPTIMIZATION_LEVEL = "-Onone";
			};
			name = Debug;
		};
		157D31FF2C9554CB005BF7F8 /* Release */ = {
			isa = XCBuildConfiguration;
			buildSettings = {
				ALWAYS_SEARCH_USER_PATHS = NO;
				ASSETCATALOG_COMPILER_GENERATE_SWIFT_ASSET_SYMBOL_EXTENSIONS = YES;
				CLANG_ANALYZER_NONNULL = YES;
				CLANG_ANALYZER_NUMBER_OBJECT_CONVERSION = YES_AGGRESSIVE;
				CLANG_CXX_LANGUAGE_STANDARD = "gnu++20";
				CLANG_ENABLE_MODULES = YES;
				CLANG_ENABLE_OBJC_ARC = YES;
				CLANG_ENABLE_OBJC_WEAK = YES;
				CLANG_WARN_BLOCK_CAPTURE_AUTORELEASING = YES;
				CLANG_WARN_BOOL_CONVERSION = YES;
				CLANG_WARN_COMMA = YES;
				CLANG_WARN_CONSTANT_CONVERSION = YES;
				CLANG_WARN_DEPRECATED_OBJC_IMPLEMENTATIONS = YES;
				CLANG_WARN_DIRECT_OBJC_ISA_USAGE = YES_ERROR;
				CLANG_WARN_DOCUMENTATION_COMMENTS = YES;
				CLANG_WARN_EMPTY_BODY = YES;
				CLANG_WARN_ENUM_CONVERSION = YES;
				CLANG_WARN_INFINITE_RECURSION = YES;
				CLANG_WARN_INT_CONVERSION = YES;
				CLANG_WARN_NON_LITERAL_NULL_CONVERSION = YES;
				CLANG_WARN_OBJC_IMPLICIT_RETAIN_SELF = YES;
				CLANG_WARN_OBJC_LITERAL_CONVERSION = YES;
				CLANG_WARN_OBJC_ROOT_CLASS = YES_ERROR;
				CLANG_WARN_QUOTED_INCLUDE_IN_FRAMEWORK_HEADER = YES;
				CLANG_WARN_RANGE_LOOP_ANALYSIS = YES;
				CLANG_WARN_STRICT_PROTOTYPES = YES;
				CLANG_WARN_SUSPICIOUS_MOVE = YES;
				CLANG_WARN_UNGUARDED_AVAILABILITY = YES_AGGRESSIVE;
				CLANG_WARN_UNREACHABLE_CODE = YES;
				CLANG_WARN__DUPLICATE_METHOD_MATCH = YES;
				COPY_PHASE_STRIP = NO;
				DEBUG_INFORMATION_FORMAT = "dwarf-with-dsym";
				ENABLE_NS_ASSERTIONS = NO;
				ENABLE_STRICT_OBJC_MSGSEND = YES;
				ENABLE_USER_SCRIPT_SANDBOXING = YES;
				GCC_C_LANGUAGE_STANDARD = gnu17;
				GCC_NO_COMMON_BLOCKS = YES;
				GCC_WARN_64_TO_32_BIT_CONVERSION = YES;
				GCC_WARN_ABOUT_RETURN_TYPE = YES_ERROR;
				GCC_WARN_UNDECLARED_SELECTOR = YES;
				GCC_WARN_UNINITIALIZED_AUTOS = YES_AGGRESSIVE;
				GCC_WARN_UNUSED_FUNCTION = YES;
				GCC_WARN_UNUSED_VARIABLE = YES;
				IPHONEOS_DEPLOYMENT_TARGET = 17.5;
				LOCALIZATION_PREFERS_STRING_CATALOGS = YES;
				MTL_ENABLE_DEBUG_INFO = NO;
				MTL_FAST_MATH = YES;
				SDKROOT = iphoneos;
				SWIFT_COMPILATION_MODE = wholemodule;
				VALIDATE_PRODUCT = YES;
			};
			name = Release;
		};
		157D32012C9554CB005BF7F8 /* Debug */ = {
			isa = XCBuildConfiguration;
			baseConfigurationReference = 45444429DCACCA3020BF8957 /* Pods-food-market-ios.debug.xcconfig */;
			buildSettings = {
				ASSETCATALOG_COMPILER_APPICON_NAME = AppIcon;
				ASSETCATALOG_COMPILER_GLOBAL_ACCENT_COLOR_NAME = AccentColor;
				CODE_SIGN_STYLE = Automatic;
				CURRENT_PROJECT_VERSION = 1;
				DEVELOPMENT_TEAM = 545HD6HVX6;
				ENABLE_USER_SCRIPT_SANDBOXING = NO;
				GENERATE_INFOPLIST_FILE = YES;
				INFOPLIST_FILE = "food-market-ios/Info.plist";
				INFOPLIST_KEY_UIApplicationSupportsIndirectInputEvents = YES;
				INFOPLIST_KEY_UILaunchStoryboardName = LaunchScreen;
				INFOPLIST_KEY_UISupportedInterfaceOrientations_iPad = "UIInterfaceOrientationPortrait UIInterfaceOrientationPortraitUpsideDown UIInterfaceOrientationLandscapeLeft UIInterfaceOrientationLandscapeRight";
				INFOPLIST_KEY_UISupportedInterfaceOrientations_iPhone = "UIInterfaceOrientationPortrait UIInterfaceOrientationLandscapeLeft UIInterfaceOrientationLandscapeRight";
				LD_RUNPATH_SEARCH_PATHS = (
					"$(inherited)",
					"@executable_path/Frameworks",
				);
				MARKETING_VERSION = 1.0;
				PRODUCT_BUNDLE_IDENTIFIER = "com.fadzrinmadu.food-market-ios";
				PRODUCT_NAME = "$(TARGET_NAME)";
				SWIFT_EMIT_LOC_STRINGS = YES;
				SWIFT_VERSION = 5.0;
				TARGETED_DEVICE_FAMILY = "1,2";
			};
			name = Debug;
		};
		157D32022C9554CB005BF7F8 /* Release */ = {
			isa = XCBuildConfiguration;
			baseConfigurationReference = 65C0F0BD7B907CAEB941AA85 /* Pods-food-market-ios.release.xcconfig */;
			buildSettings = {
				ASSETCATALOG_COMPILER_APPICON_NAME = AppIcon;
				ASSETCATALOG_COMPILER_GLOBAL_ACCENT_COLOR_NAME = AccentColor;
				CODE_SIGN_STYLE = Automatic;
				CURRENT_PROJECT_VERSION = 1;
				DEVELOPMENT_TEAM = 545HD6HVX6;
				ENABLE_USER_SCRIPT_SANDBOXING = NO;
				GENERATE_INFOPLIST_FILE = YES;
				INFOPLIST_FILE = "food-market-ios/Info.plist";
				INFOPLIST_KEY_UIApplicationSupportsIndirectInputEvents = YES;
				INFOPLIST_KEY_UILaunchStoryboardName = LaunchScreen;
				INFOPLIST_KEY_UISupportedInterfaceOrientations_iPad = "UIInterfaceOrientationPortrait UIInterfaceOrientationPortraitUpsideDown UIInterfaceOrientationLandscapeLeft UIInterfaceOrientationLandscapeRight";
				INFOPLIST_KEY_UISupportedInterfaceOrientations_iPhone = "UIInterfaceOrientationPortrait UIInterfaceOrientationLandscapeLeft UIInterfaceOrientationLandscapeRight";
				LD_RUNPATH_SEARCH_PATHS = (
					"$(inherited)",
					"@executable_path/Frameworks",
				);
				MARKETING_VERSION = 1.0;
				PRODUCT_BUNDLE_IDENTIFIER = "com.fadzrinmadu.food-market-ios";
				PRODUCT_NAME = "$(TARGET_NAME)";
				SWIFT_EMIT_LOC_STRINGS = YES;
				SWIFT_VERSION = 5.0;
				TARGETED_DEVICE_FAMILY = "1,2";
			};
			name = Release;
		};
/* End XCBuildConfiguration section */

/* Begin XCConfigurationList section */
		157D31E72C9554CA005BF7F8 /* Build configuration list for PBXProject "food-market-ios" */ = {
			isa = XCConfigurationList;
			buildConfigurations = (
				157D31FE2C9554CB005BF7F8 /* Debug */,
				157D31FF2C9554CB005BF7F8 /* Release */,
			);
			defaultConfigurationIsVisible = 0;
			defaultConfigurationName = Release;
		};
		157D32002C9554CB005BF7F8 /* Build configuration list for PBXNativeTarget "food-market-ios" */ = {
			isa = XCConfigurationList;
			buildConfigurations = (
				157D32012C9554CB005BF7F8 /* Debug */,
				157D32022C9554CB005BF7F8 /* Release */,
			);
			defaultConfigurationIsVisible = 0;
			defaultConfigurationName = Release;
		};
/* End XCConfigurationList section */
	};
	rootObject = 157D31E42C9554CA005BF7F8 /* Project object */;
}
